---
ID: "e64b7a3d-2a91-4dd5-b373-fbcaaed2db38"
Parent: "1733b77c-a9e2-461b-a311-a67987594e9f"
Template: "dd9df9e0-e5d4-5bc6-8df8-3491bfa656b0"
Path: "/sitecore/content/urlmapper-jss-app/home/graphql/herpi derp/Page Components/sample-2-jss-main-ContentBlock-1"
DB: master
SharedFields:
- ID: "a4f985d9-98b3-4b52-aaaf-4344f6e747c6"
  Hint: __Workflow
  Value: "{6C59AE29-D0A1-4B77-9305-0ABAB21D5FE5}"
Languages:
- Language: en
  Fields:
  - ID: "b5e02ad9-d56f-4c41-a065-a133db87bdeb"
    Hint: __Display name
    Value: "ContentBlock-1"
  Versions:
  - Version: 1
    Fields:
    - ID: "1f8854f8-4dce-5040-ae69-5b228f9cc01c"
      Hint: content
      Value: |
        <p>A child route here to illustrate the power of GraphQL queries. <a href="/graphql">Back to GraphQL route</a></p>
        
    - ID: "25bed78c-4957-4165-998a-ca1b52f67497"
      Hint: __Created
      Value: 20191231T071526Z
    - ID: "3e431de1-525e-47a3-b6b0-1ccbec3a8c98"
      Hint: __Workflow state
      Value: "{FCFDBB96-946A-4D2F-BCCD-5573073FC176}"
    - ID: "8a203eda-7c8e-51fc-8dd5-ec840b3768ff"
      Hint: heading
      Value: GraphQL Sample 2
