---
ID: "6afab6d5-1175-5f61-b0a3-4481d40f7249"
Parent: "c5209176-41fe-56b7-a9fe-bfa2b10e43e3"
Template: "a87a00b1-e6db-45ab-8b54-636fec3b5523"
Path: "/sitecore/content/urlmapper-jss-app/Components/ContentBlock"
DB: master
SharedFields:
- ID: "06d5295c-ed2f-4a54-9bf2-26228d113318"
  Hint: __Icon
  Value: Office/32x32/box_into.png
- ID: "1172f251-dad4-4efb-a329-0c63500e4f1e"
  Hint: __Masters
  Type: TreelistEx
  Value: |
    {A87A00B1-E6DB-45AB-8B54-636FEC3B5523}
    {DD9DF9E0-E5D4-5BC6-8DF8-3491BFA656B0}
Languages:
- Language: en
  Fields:
  - ID: "b5e02ad9-d56f-4c41-a065-a133db87bdeb"
    Hint: __Display name
    Value: Content Block
  Versions:
  - Version: 1
    Fields:
    - ID: "25bed78c-4957-4165-998a-ca1b52f67497"
      Hint: __Created
      Value: 20191231T071520Z
    - ID: "5dd74568-4d4b-44c1-b513-0af5f4cda34f"
      Hint: __Created by
      Value: |
        sitecore\JssImport
